// !$*UTF8*$!
{
	archiveVersion = 1;
	classes = {
	};
	objectVersion = 46;
	objects = {

/* Begin PBXBuildFile section */
		E9D938191B2722E100F3378D /* AppDelegate.swift in Sources */ = {isa = PBXBuildFile; fileRef = E9D938181B2722E100F3378D /* AppDelegate.swift */; };
		E9D9381B1B2722E100F3378D /* ViewController.swift in Sources */ = {isa = PBXBuildFile; fileRef = E9D9381A1B2722E100F3378D /* ViewController.swift */; };
		E9D9381E1B2722E100F3378D /* Main.storyboard in Resources */ = {isa = PBXBuildFile; fileRef = E9D9381C1B2722E100F3378D /* Main.storyboard */; };
		E9D938201B2722E100F3378D /* Images.xcassets in Resources */ = {isa = PBXBuildFile; fileRef = E9D9381F1B2722E100F3378D /* Images.xcassets */; };
		E9D938231B2722E100F3378D /* LaunchScreen.xib in Resources */ = {isa = PBXBuildFile; fileRef = E9D938211B2722E100F3378D /* LaunchScreen.xib */; };
		E9D9382F1B2722E100F3378D /* ExamplesTests.swift in Sources */ = {isa = PBXBuildFile; fileRef = E9D9382E1B2722E100F3378D /* ExamplesTests.swift */; };
		E9D938421B27237700F3378D /* Griddle.framework in Frameworks */ = {isa = PBXBuildFile; fileRef = E9D938411B27237700F3378D /* Griddle.framework */; };
		E9D938441B27238B00F3378D /* Eventful.framework in Frameworks */ = {isa = PBXBuildFile; fileRef = E9D938431B27238B00F3378D /* Eventful.framework */; };
/* End PBXBuildFile section */

/* Begin PBXContainerItemProxy section */
		E9D938291B2722E100F3378D /* PBXContainerItemProxy */ = {
			isa = PBXContainerItemProxy;
			containerPortal = E9D9380B1B2722E100F3378D /* Project object */;
			proxyType = 1;
			remoteGlobalIDString = E9D938121B2722E100F3378D;
			remoteInfo = Examples;
		};
/* End PBXContainerItemProxy section */

/* Begin PBXFileReference section */
		E9D938131B2722E100F3378D /* Examples.app */ = {isa = PBXFileReference; explicitFileType = wrapper.application; includeInIndex = 0; path = Examples.app; sourceTree = BUILT_PRODUCTS_DIR; };
		E9D938171B2722E100F3378D /* Info.plist */ = {isa = PBXFileReference; lastKnownFileType = text.plist.xml; path = Info.plist; sourceTree = "<group>"; };
		E9D938181B2722E100F3378D /* AppDelegate.swift */ = {isa = PBXFileReference; lastKnownFileType = sourcecode.swift; path = AppDelegate.swift; sourceTree = "<group>"; };
		E9D9381A1B2722E100F3378D /* ViewController.swift */ = {isa = PBXFileReference; lastKnownFileType = sourcecode.swift; path = ViewController.swift; sourceTree = "<group>"; };
		E9D9381D1B2722E100F3378D /* Base */ = {isa = PBXFileReference; lastKnownFileType = file.storyboard; name = Base; path = Base.lproj/Main.storyboard; sourceTree = "<group>"; };
		E9D9381F1B2722E100F3378D /* Images.xcassets */ = {isa = PBXFileReference; lastKnownFileType = folder.assetcatalog; path = Images.xcassets; sourceTree = "<group>"; };
		E9D938221B2722E100F3378D /* Base */ = {isa = PBXFileReference; lastKnownFileType = file.xib; name = Base; path = Base.lproj/LaunchScreen.xib; sourceTree = "<group>"; };
		E9D938281B2722E100F3378D /* ExamplesTests.xctest */ = {isa = PBXFileReference; explicitFileType = wrapper.cfbundle; includeInIndex = 0; path = ExamplesTests.xctest; sourceTree = BUILT_PRODUCTS_DIR; };
		E9D9382D1B2722E100F3378D /* Info.plist */ = {isa = PBXFileReference; lastKnownFileType = text.plist.xml; path = Info.plist; sourceTree = "<group>"; };
		E9D9382E1B2722E100F3378D /* ExamplesTests.swift */ = {isa = PBXFileReference; lastKnownFileType = sourcecode.swift; path = ExamplesTests.swift; sourceTree = "<group>"; };
		E9D938411B27237700F3378D /* Griddle.framework */ = {isa = PBXFileReference; lastKnownFileType = wrapper.framework; name = Griddle.framework; path = "../build/Debug-iphoneos/Griddle.framework"; sourceTree = "<group>"; };
		E9D938431B27238B00F3378D /* Eventful.framework */ = {isa = PBXFileReference; lastKnownFileType = wrapper.framework; name = Eventful.framework; path = "/Users/thomas/git/Griddle/Pods/../build/Debug-iphoneos/Pods/Eventful.framework"; sourceTree = "<absolute>"; };
/* End PBXFileReference section */

/* Begin PBXFrameworksBuildPhase section */
		E9D938101B2722E100F3378D /* Frameworks */ = {
			isa = PBXFrameworksBuildPhase;
			buildActionMask = 2147483647;
			files = (
				E9D938441B27238B00F3378D /* Eventful.framework in Frameworks */,
				E9D938421B27237700F3378D /* Griddle.framework in Frameworks */,
			);
			runOnlyForDeploymentPostprocessing = 0;
		};
		E9D938251B2722E100F3378D /* Frameworks */ = {
			isa = PBXFrameworksBuildPhase;
			buildActionMask = 2147483647;
			files = (
			);
			runOnlyForDeploymentPostprocessing = 0;
		};
/* End PBXFrameworksBuildPhase section */

/* Begin PBXGroup section */
		E9D9380A1B2722E100F3378D = {
			isa = PBXGroup;
			children = (
				E9D938431B27238B00F3378D /* Eventful.framework */,
				E9D938411B27237700F3378D /* Griddle.framework */,
				E9D938151B2722E100F3378D /* Examples */,
				E9D9382B1B2722E100F3378D /* ExamplesTests */,
				E9D938141B2722E100F3378D /* Products */,
			);
			sourceTree = "<group>";
		};
		E9D938141B2722E100F3378D /* Products */ = {
			isa = PBXGroup;
			children = (
				E9D938131B2722E100F3378D /* Examples.app */,
				E9D938281B2722E100F3378D /* ExamplesTests.xctest */,
			);
			name = Products;
			sourceTree = "<group>";
		};
		E9D938151B2722E100F3378D /* Examples */ = {
			isa = PBXGroup;
			children = (
				E9D938181B2722E100F3378D /* AppDelegate.swift */,
				E9D9381A1B2722E100F3378D /* ViewController.swift */,
				E9D9381C1B2722E100F3378D /* Main.storyboard */,
				E9D9381F1B2722E100F3378D /* Images.xcassets */,
				E9D938211B2722E100F3378D /* LaunchScreen.xib */,
				E9D938161B2722E100F3378D /* Supporting Files */,
			);
			path = Examples;
			sourceTree = "<group>";
		};
		E9D938161B2722E100F3378D /* Supporting Files */ = {
			isa = PBXGroup;
			children = (
				E9D938171B2722E100F3378D /* Info.plist */,
			);
			name = "Supporting Files";
			sourceTree = "<group>";
		};
		E9D9382B1B2722E100F3378D /* ExamplesTests */ = {
			isa = PBXGroup;
			children = (
				E9D9382E1B2722E100F3378D /* ExamplesTests.swift */,
				E9D9382C1B2722E100F3378D /* Supporting Files */,
			);
			path = ExamplesTests;
			sourceTree = "<group>";
		};
		E9D9382C1B2722E100F3378D /* Supporting Files */ = {
			isa = PBXGroup;
			children = (
				E9D9382D1B2722E100F3378D /* Info.plist */,
			);
			name = "Supporting Files";
			sourceTree = "<group>";
		};
/* End PBXGroup section */

/* Begin PBXNativeTarget section */
		E9D938121B2722E100F3378D /* Examples */ = {
			isa = PBXNativeTarget;
			buildConfigurationList = E9D938321B2722E100F3378D /* Build configuration list for PBXNativeTarget "Examples" */;
			buildPhases = (
				E9D9380F1B2722E100F3378D /* Sources */,
				E9D938101B2722E100F3378D /* Frameworks */,
				E9D938111B2722E100F3378D /* Resources */,
			);
			buildRules = (
			);
			dependencies = (
			);
			name = Examples;
			productName = Examples;
			productReference = E9D938131B2722E100F3378D /* Examples.app */;
			productType = "com.apple.product-type.application";
		};
		E9D938271B2722E100F3378D /* ExamplesTests */ = {
			isa = PBXNativeTarget;
			buildConfigurationList = E9D938351B2722E100F3378D /* Build configuration list for PBXNativeTarget "ExamplesTests" */;
			buildPhases = (
				E9D938241B2722E100F3378D /* Sources */,
				E9D938251B2722E100F3378D /* Frameworks */,
				E9D938261B2722E100F3378D /* Resources */,
			);
			buildRules = (
			);
			dependencies = (
				E9D9382A1B2722E100F3378D /* PBXTargetDependency */,
			);
			name = ExamplesTests;
			productName = ExamplesTests;
			productReference = E9D938281B2722E100F3378D /* ExamplesTests.xctest */;
			productType = "com.apple.product-type.bundle.unit-test";
		};
/* End PBXNativeTarget section */

/* Begin PBXProject section */
		E9D9380B1B2722E100F3378D /* Project object */ = {
			isa = PBXProject;
			attributes = {
				LastUpgradeCheck = 0630;
				ORGANIZATIONNAME = Inlined;
				TargetAttributes = {
					E9D938121B2722E100F3378D = {
						CreatedOnToolsVersion = 6.3.2;
					};
					E9D938271B2722E100F3378D = {
						CreatedOnToolsVersion = 6.3.2;
						TestTargetID = E9D938121B2722E100F3378D;
					};
				};
			};
			buildConfigurationList = E9D9380E1B2722E100F3378D /* Build configuration list for PBXProject "Examples" */;
			compatibilityVersion = "Xcode 3.2";
			developmentRegion = English;
			hasScannedForEncodings = 0;
			knownRegions = (
				en,
				Base,
			);
			mainGroup = E9D9380A1B2722E100F3378D;
			productRefGroup = E9D938141B2722E100F3378D /* Products */;
			projectDirPath = "";
			projectRoot = "";
			targets = (
				E9D938121B2722E100F3378D /* Examples */,
				E9D938271B2722E100F3378D /* ExamplesTests */,
			);
		};
/* End PBXProject section */

/* Begin PBXResourcesBuildPhase section */
		E9D938111B2722E100F3378D /* Resources */ = {
			isa = PBXResourcesBuildPhase;
			buildActionMask = 2147483647;
			files = (
				E9D9381E1B2722E100F3378D /* Main.storyboard in Resources */,
				E9D938231B2722E100F3378D /* LaunchScreen.xib in Resources */,
				E9D938201B2722E100F3378D /* Images.xcassets in Resources */,
			);
			runOnlyForDeploymentPostprocessing = 0;
		};
		E9D938261B2722E100F3378D /* Resources */ = {
			isa = PBXResourcesBuildPhase;
			buildActionMask = 2147483647;
			files = (
			);
			runOnlyForDeploymentPostprocessing = 0;
		};
/* End PBXResourcesBuildPhase section */

/* Begin PBXSourcesBuildPhase section */
		E9D9380F1B2722E100F3378D /* Sources */ = {
			isa = PBXSourcesBuildPhase;
			buildActionMask = 2147483647;
			files = (
				E9D9381B1B2722E100F3378D /* ViewController.swift in Sources */,
				E9D938191B2722E100F3378D /* AppDelegate.swift in Sources */,
			);
			runOnlyForDeploymentPostprocessing = 0;
		};
		E9D938241B2722E100F3378D /* Sources */ = {
			isa = PBXSourcesBuildPhase;
			buildActionMask = 2147483647;
			files = (
				E9D9382F1B2722E100F3378D /* ExamplesTests.swift in Sources */,
			);
			runOnlyForDeploymentPostprocessing = 0;
		};
/* End PBXSourcesBuildPhase section */

/* Begin PBXTargetDependency section */
		E9D9382A1B2722E100F3378D /* PBXTargetDependency */ = {
			isa = PBXTargetDependency;
			target = E9D938121B2722E100F3378D /* Examples */;
			targetProxy = E9D938291B2722E100F3378D /* PBXContainerItemProxy */;
		};
/* End PBXTargetDependency section */

/* Begin PBXVariantGroup section */
		E9D9381C1B2722E100F3378D /* Main.storyboard */ = {
			isa = PBXVariantGroup;
			children = (
				E9D9381D1B2722E100F3378D /* Base */,
			);
			name = Main.storyboard;
			sourceTree = "<group>";
		};
		E9D938211B2722E100F3378D /* LaunchScreen.xib */ = {
			isa = PBXVariantGroup;
			children = (
				E9D938221B2722E100F3378D /* Base */,
			);
			name = LaunchScreen.xib;
			sourceTree = "<group>";
		};
/* End PBXVariantGroup section */

/* Begin XCBuildConfiguration section */
		E9D938301B2722E100F3378D /* Debug */ = {
			isa = XCBuildConfiguration;
			buildSettings = {
				ALWAYS_SEARCH_USER_PATHS = NO;
				CLANG_CXX_LANGUAGE_STANDARD = "gnu++0x";
				CLANG_CXX_LIBRARY = "libc++";
				CLANG_ENABLE_MODULES = YES;
				CLANG_ENABLE_OBJC_ARC = YES;
				CLANG_WARN_BOOL_CONVERSION = YES;
				CLANG_WARN_CONSTANT_CONVERSION = YES;
				CLANG_WARN_DIRECT_OBJC_ISA_USAGE = YES_ERROR;
				CLANG_WARN_EMPTY_BODY = YES;
				CLANG_WARN_ENUM_CONVERSION = YES;
				CLANG_WARN_INT_CONVERSION = YES;
				CLANG_WARN_OBJC_ROOT_CLASS = YES_ERROR;
				CLANG_WARN_UNREACHABLE_CODE = YES;
				CLANG_WARN__DUPLICATE_METHOD_MATCH = YES;
				"CODE_SIGN_IDENTITY[sdk=iphoneos*]" = "iPhone Developer";
				COPY_PHASE_STRIP = NO;
				DEBUG_INFORMATION_FORMAT = "dwarf-with-dsym";
				ENABLE_STRICT_OBJC_MSGSEND = YES;
				GCC_C_LANGUAGE_STANDARD = gnu99;
				GCC_DYNAMIC_NO_PIC = NO;
				GCC_NO_COMMON_BLOCKS = YES;
				GCC_OPTIMIZATION_LEVEL = 0;
				GCC_PREPROCESSOR_DEFINITIONS = (
					"DEBUG=1",
					"$(inherited)",
				);
				GCC_SYMBOLS_PRIVATE_EXTERN = NO;
				GCC_WARN_64_TO_32_BIT_CONVERSION = YES;
				GCC_WARN_ABOUT_RETURN_TYPE = YES_ERROR;
				GCC_WARN_UNDECLARED_SELECTOR = YES;
				GCC_WARN_UNINITIALIZED_AUTOS = YES_AGGRESSIVE;
				GCC_WARN_UNUSED_FUNCTION = YES;
				GCC_WARN_UNUSED_VARIABLE = YES;
				IPHONEOS_DEPLOYMENT_TARGET = 8.3;
				MTL_ENABLE_DEBUG_INFO = YES;
				ONLY_ACTIVE_ARCH = YES;
				SDKROOT = iphoneos;
				SWIFT_OPTIMIZATION_LEVEL = "-Onone";
			};
			name = Debug;
		};
		E9D938311B2722E100F3378D /* Release */ = {
			isa = XCBuildConfiguration;
			buildSettings = {
				ALWAYS_SEARCH_USER_PATHS = NO;
				CLANG_CXX_LANGUAGE_STANDARD = "gnu++0x";
				CLANG_CXX_LIBRARY = "libc++";
				CLANG_ENABLE_MODULES = YES;
				CLANG_ENABLE_OBJC_ARC = YES;
				CLANG_WARN_BOOL_CONVERSION = YES;
				CLANG_WARN_CONSTANT_CONVERSION = YES;
				CLANG_WARN_DIRECT_OBJC_ISA_USAGE = YES_ERROR;
				CLANG_WARN_EMPTY_BODY = YES;
				CLANG_WARN_ENUM_CONVERSION = YES;
				CLANG_WARN_INT_CONVERSION = YES;
				CLANG_WARN_OBJC_ROOT_CLASS = YES_ERROR;
				CLANG_WARN_UNREACHABLE_CODE = YES;
				CLANG_WARN__DUPLICATE_METHOD_MATCH = YES;
				"CODE_SIGN_IDENTITY[sdk=iphoneos*]" = "iPhone Developer";
				COPY_PHASE_STRIP = NO;
				DEBUG_INFORMATION_FORMAT = "dwarf-with-dsym";
				ENABLE_NS_ASSERTIONS = NO;
				ENABLE_STRICT_OBJC_MSGSEND = YES;
				GCC_C_LANGUAGE_STANDARD = gnu99;
				GCC_NO_COMMON_BLOCKS = YES;
				GCC_WARN_64_TO_32_BIT_CONVERSION = YES;
				GCC_WARN_ABOUT_RETURN_TYPE = YES_ERROR;
				GCC_WARN_UNDECLARED_SELECTOR = YES;
				GCC_WARN_UNINITIALIZED_AUTOS = YES_AGGRESSIVE;
				GCC_WARN_UNUSED_FUNCTION = YES;
				GCC_WARN_UNUSED_VARIABLE = YES;
				IPHONEOS_DEPLOYMENT_TARGET = 8.3;
				MTL_ENABLE_DEBUG_INFO = NO;
				SDKROOT = iphoneos;
				VALIDATE_PRODUCT = YES;
			};
			name = Release;
		};
		E9D938331B2722E100F3378D /* Debug */ = {
			isa = XCBuildConfiguration;
			buildSettings = {
				ASSETCATALOG_COMPILER_APPICON_NAME = AppIcon;
				FRAMEWORK_SEARCH_PATHS = (
					"$(inherited)",
					"/Users/thomas/git/Griddle/build/Debug-iphoneos",
					"/Users/thomas/git/Griddle/Pods/../build/Debug-iphoneos/Pods",
				);
				INFOPLIST_FILE = Examples/Info.plist;
				LD_RUNPATH_SEARCH_PATHS = "$(inherited) @executable_path/Frameworks";
				PRODUCT_NAME = "$(TARGET_NAME)";
			};
			name = Debug;
		};
		E9D938341B2722E100F3378D /* Release */ = {
			isa = XCBuildConfiguration;
			buildSettings = {
				ASSETCATALOG_COMPILER_APPICON_NAME = AppIcon;
				FRAMEWORK_SEARCH_PATHS = (
					"$(inherited)",
					"/Users/thomas/git/Griddle/build/Debug-iphoneos",
					"/Users/thomas/git/Griddle/Pods/../build/Debug-iphoneos/Pods",
				);
				INFOPLIST_FILE = Examples/Info.plist;
				LD_RUNPATH_SEARCH_PATHS = "$(inherited) @executable_path/Frameworks";
				PRODUCT_NAME = "$(TARGET_NAME)";
			};
			name = Release;
		};
		E9D938361B2722E100F3378D /* Debug */ = {
			isa = XCBuildConfiguration;
			buildSettings = {
				BUNDLE_LOADER = "$(TEST_HOST)";
				FRAMEWORK_SEARCH_PATHS = (
					"$(SDKROOT)/Developer/Library/Frameworks",
					"$(inherited)",
				);
				GCC_PREPROCESSOR_DEFINITIONS = (
					"DEBUG=1",
					"$(inherited)",
				);
				INFOPLIST_FILE = ExamplesTests/Info.plist;
				LD_RUNPATH_SEARCH_PATHS = "$(inherited) @executable_path/Frameworks @loader_path/Frameworks";
				PRODUCT_NAME = "$(TARGET_NAME)";
				TEST_HOST = "$(BUILT_PRODUCTS_DIR)/Examples.app/Examples";
			};
			name = Debug;
		};
		E9D938371B2722E100F3378D /* Release */ = {
			isa = XCBuildConfiguration;
			buildSettings = {
				BUNDLE_LOADER = "$(TEST_HOST)";
				FRAMEWORK_SEARCH_PATHS = (
					"$(SDKROOT)/Developer/Library/Frameworks",
					"$(inherited)",
				);
				INFOPLIST_FILE = ExamplesTests/Info.plist;
				LD_RUNPATH_SEARCH_PATHS = "$(inherited) @executable_path/Frameworks @loader_path/Frameworks";
				PRODUCT_NAME = "$(TARGET_NAME)";
				TEST_HOST = "$(BUILT_PRODUCTS_DIR)/Examples.app/Examples";
			};
			name = Release;
		};
/* End XCBuildConfiguration section */

/* Begin XCConfigurationList section */
		E9D9380E1B2722E100F3378D /* Build configuration list for PBXProject "Examples" */ = {
			isa = XCConfigurationList;
			buildConfigurations = (
				E9D938301B2722E100F3378D /* Debug */,
				E9D938311B2722E100F3378D /* Release */,
			);
			defaultConfigurationIsVisible = 0;
			defaultConfigurationName = Release;
		};
		E9D938321B2722E100F3378D /* Build configuration list for PBXNativeTarget "Examples" */ = {
			isa = XCConfigurationList;
			buildConfigurations = (
				E9D938331B2722E100F3378D /* Debug */,
				E9D938341B2722E100F3378D /* Release */,
			);
			defaultConfigurationIsVisible = 0;
		};
		E9D938351B2722E100F3378D /* Build configuration list for PBXNativeTarget "ExamplesTests" */ = {
			isa = XCConfigurationList;
			buildConfigurations = (
				E9D938361B2722E100F3378D /* Debug */,
				E9D938371B2722E100F3378D /* Release */,
			);
			defaultConfigurationIsVisible = 0;
		};
/* End XCConfigurationList section */
	};
	rootObject = E9D9380B1B2722E100F3378D /* Project object */;
}
