// !$*UTF8*$!
{
	archiveVersion = 1;
	classes = {
	};
	objectVersion = 46;
	objects = {

/* Begin PBXBuildFile section */
		82A7D3EAFD1C49B582B8E75F /* Pods.framework in Frameworks */ = {isa = PBXBuildFile; fileRef = 1E644AFF7013F1EE046DA97D /* Pods.framework */; settings = {ATTRIBUTES = (Weak, ); }; };
		E90581151B23C8610093204B /* Griddle.framework in Frameworks */ = {isa = PBXBuildFile; fileRef = E905810A1B23C8610093204B /* Griddle.framework */; };
		E905811C1B23C8610093204B /* GriddleTests.swift in Sources */ = {isa = PBXBuildFile; fileRef = E905811B1B23C8610093204B /* GriddleTests.swift */; };
		E90581231B23C89C0093204B /* ManagedObject.swift in Sources */ = {isa = PBXBuildFile; fileRef = E93441291B23C47400682CC9 /* ManagedObject.swift */; };
		E90581241B23C8BA0093204B /* Griddle.h in Headers */ = {isa = PBXBuildFile; fileRef = E91D51D51B2231CC00286C8E /* Griddle.h */; settings = {ATTRIBUTES = (Public, ); }; };
		E90581301B23C8EC0093204B /* FAuthData.h in Headers */ = {isa = PBXBuildFile; fileRef = E90581251B23C8EC0093204B /* FAuthData.h */; settings = {ATTRIBUTES = (Public, ); }; };
		E90581311B23C8EC0093204B /* FAuthType.h in Headers */ = {isa = PBXBuildFile; fileRef = E90581261B23C8EC0093204B /* FAuthType.h */; settings = {ATTRIBUTES = (Public, ); }; };
		E90581321B23C8EC0093204B /* FConfig.h in Headers */ = {isa = PBXBuildFile; fileRef = E90581271B23C8EC0093204B /* FConfig.h */; settings = {ATTRIBUTES = (Public, ); }; };
		E90581331B23C8EC0093204B /* FDataSnapshot.h in Headers */ = {isa = PBXBuildFile; fileRef = E90581281B23C8EC0093204B /* FDataSnapshot.h */; settings = {ATTRIBUTES = (Public, ); }; };
		E90581341B23C8EC0093204B /* FEventType.h in Headers */ = {isa = PBXBuildFile; fileRef = E90581291B23C8EC0093204B /* FEventType.h */; settings = {ATTRIBUTES = (Public, ); }; };
		E90581351B23C8EC0093204B /* Firebase.h in Headers */ = {isa = PBXBuildFile; fileRef = E905812A1B23C8EC0093204B /* Firebase.h */; settings = {ATTRIBUTES = (Public, ); }; };
		E90581361B23C8EC0093204B /* FirebaseApp.h in Headers */ = {isa = PBXBuildFile; fileRef = E905812B1B23C8EC0093204B /* FirebaseApp.h */; settings = {ATTRIBUTES = (Public, ); }; };
		E90581371B23C8EC0093204B /* FirebaseServerValue.h in Headers */ = {isa = PBXBuildFile; fileRef = E905812C1B23C8EC0093204B /* FirebaseServerValue.h */; settings = {ATTRIBUTES = (Public, ); }; };
		E90581381B23C8EC0093204B /* FMutableData.h in Headers */ = {isa = PBXBuildFile; fileRef = E905812D1B23C8EC0093204B /* FMutableData.h */; settings = {ATTRIBUTES = (Public, ); }; };
		E90581391B23C8EC0093204B /* FQuery.h in Headers */ = {isa = PBXBuildFile; fileRef = E905812E1B23C8EC0093204B /* FQuery.h */; settings = {ATTRIBUTES = (Public, ); }; };
		E905813A1B23C8EC0093204B /* FTransactionResult.h in Headers */ = {isa = PBXBuildFile; fileRef = E905812F1B23C8EC0093204B /* FTransactionResult.h */; settings = {ATTRIBUTES = (Public, ); }; };
		E905813F1B23C9AA0093204B /* libicucore.dylib in Frameworks */ = {isa = PBXBuildFile; fileRef = E905813E1B23C9AA0093204B /* libicucore.dylib */; };
		E90581411B23C9CE0093204B /* SystemConfiguration.framework in Frameworks */ = {isa = PBXBuildFile; fileRef = E90581401B23C9CE0093204B /* SystemConfiguration.framework */; };
		E90581431B23C9D90093204B /* libc++.dylib in Frameworks */ = {isa = PBXBuildFile; fileRef = E90581421B23C9D90093204B /* libc++.dylib */; };
		E90581451B23C9E90093204B /* CFNetwork.framework in Frameworks */ = {isa = PBXBuildFile; fileRef = E90581441B23C9E90093204B /* CFNetwork.framework */; };
		E90581471B23C9EE0093204B /* Security.framework in Frameworks */ = {isa = PBXBuildFile; fileRef = E90581461B23C9EE0093204B /* Security.framework */; };
		E90581491B23CA250093204B /* Eventful.framework in Frameworks */ = {isa = PBXBuildFile; fileRef = E90581481B23CA250093204B /* Eventful.framework */; };
		E905814B1B23CA350093204B /* Firebase.framework in Frameworks */ = {isa = PBXBuildFile; fileRef = E905814A1B23CA350093204B /* Firebase.framework */; };
/* End PBXBuildFile section */

/* Begin PBXContainerItemProxy section */
		E90581161B23C8610093204B /* PBXContainerItemProxy */ = {
			isa = PBXContainerItemProxy;
			containerPortal = E91D51C71B2231CC00286C8E /* Project object */;
			proxyType = 1;
			remoteGlobalIDString = E90581091B23C8610093204B;
			remoteInfo = Griddle;
		};
/* End PBXContainerItemProxy section */

/* Begin PBXFileReference section */
		1E644AFF7013F1EE046DA97D /* Pods.framework */ = {isa = PBXFileReference; explicitFileType = wrapper.framework; includeInIndex = 0; path = Pods.framework; sourceTree = BUILT_PRODUCTS_DIR; };
		4E3445E3AFD9E62E720DAB39 /* Pods.release.xcconfig */ = {isa = PBXFileReference; includeInIndex = 1; lastKnownFileType = text.xcconfig; name = Pods.release.xcconfig; path = "Pods/Target Support Files/Pods/Pods.release.xcconfig"; sourceTree = "<group>"; };
		CBDD82D2C0FD41AE26186724 /* Pods.debug.xcconfig */ = {isa = PBXFileReference; includeInIndex = 1; lastKnownFileType = text.xcconfig; name = Pods.debug.xcconfig; path = "Pods/Target Support Files/Pods/Pods.debug.xcconfig"; sourceTree = "<group>"; };
		E905810A1B23C8610093204B /* Griddle.framework */ = {isa = PBXFileReference; explicitFileType = wrapper.framework; includeInIndex = 0; path = Griddle.framework; sourceTree = BUILT_PRODUCTS_DIR; };
		E90581141B23C8610093204B /* GriddleTests.xctest */ = {isa = PBXFileReference; explicitFileType = wrapper.cfbundle; includeInIndex = 0; path = GriddleTests.xctest; sourceTree = BUILT_PRODUCTS_DIR; };
		E905811A1B23C8610093204B /* Info.plist */ = {isa = PBXFileReference; lastKnownFileType = text.plist.xml; path = Info.plist; sourceTree = "<group>"; };
		E905811B1B23C8610093204B /* GriddleTests.swift */ = {isa = PBXFileReference; lastKnownFileType = sourcecode.swift; path = GriddleTests.swift; sourceTree = "<group>"; };
		E90581251B23C8EC0093204B /* FAuthData.h */ = {isa = PBXFileReference; lastKnownFileType = sourcecode.c.h; name = FAuthData.h; path = ../Pods/Firebase/Firebase.framework/Versions/A/Headers/FAuthData.h; sourceTree = "<group>"; };
		E90581261B23C8EC0093204B /* FAuthType.h */ = {isa = PBXFileReference; lastKnownFileType = sourcecode.c.h; name = FAuthType.h; path = ../Pods/Firebase/Firebase.framework/Versions/A/Headers/FAuthType.h; sourceTree = "<group>"; };
		E90581271B23C8EC0093204B /* FConfig.h */ = {isa = PBXFileReference; lastKnownFileType = sourcecode.c.h; name = FConfig.h; path = ../Pods/Firebase/Firebase.framework/Versions/A/Headers/FConfig.h; sourceTree = "<group>"; };
		E90581281B23C8EC0093204B /* FDataSnapshot.h */ = {isa = PBXFileReference; lastKnownFileType = sourcecode.c.h; name = FDataSnapshot.h; path = ../Pods/Firebase/Firebase.framework/Versions/A/Headers/FDataSnapshot.h; sourceTree = "<group>"; };
		E90581291B23C8EC0093204B /* FEventType.h */ = {isa = PBXFileReference; lastKnownFileType = sourcecode.c.h; name = FEventType.h; path = ../Pods/Firebase/Firebase.framework/Versions/A/Headers/FEventType.h; sourceTree = "<group>"; };
		E905812A1B23C8EC0093204B /* Firebase.h */ = {isa = PBXFileReference; lastKnownFileType = sourcecode.c.h; name = Firebase.h; path = ../Pods/Firebase/Firebase.framework/Versions/A/Headers/Firebase.h; sourceTree = "<group>"; };
		E905812B1B23C8EC0093204B /* FirebaseApp.h */ = {isa = PBXFileReference; lastKnownFileType = sourcecode.c.h; name = FirebaseApp.h; path = ../Pods/Firebase/Firebase.framework/Versions/A/Headers/FirebaseApp.h; sourceTree = "<group>"; };
		E905812C1B23C8EC0093204B /* FirebaseServerValue.h */ = {isa = PBXFileReference; lastKnownFileType = sourcecode.c.h; name = FirebaseServerValue.h; path = ../Pods/Firebase/Firebase.framework/Versions/A/Headers/FirebaseServerValue.h; sourceTree = "<group>"; };
		E905812D1B23C8EC0093204B /* FMutableData.h */ = {isa = PBXFileReference; lastKnownFileType = sourcecode.c.h; name = FMutableData.h; path = ../Pods/Firebase/Firebase.framework/Versions/A/Headers/FMutableData.h; sourceTree = "<group>"; };
		E905812E1B23C8EC0093204B /* FQuery.h */ = {isa = PBXFileReference; lastKnownFileType = sourcecode.c.h; name = FQuery.h; path = ../Pods/Firebase/Firebase.framework/Versions/A/Headers/FQuery.h; sourceTree = "<group>"; };
		E905812F1B23C8EC0093204B /* FTransactionResult.h */ = {isa = PBXFileReference; lastKnownFileType = sourcecode.c.h; name = FTransactionResult.h; path = ../Pods/Firebase/Firebase.framework/Versions/A/Headers/FTransactionResult.h; sourceTree = "<group>"; };
		E905813C1B23C98E0093204B /* Pods.framework */ = {isa = PBXFileReference; lastKnownFileType = wrapper.framework; name = Pods.framework; path = "Pods/../build/Debug-iphoneos/Pods.framework"; sourceTree = "<group>"; };
		E905813E1B23C9AA0093204B /* libicucore.dylib */ = {isa = PBXFileReference; lastKnownFileType = "compiled.mach-o.dylib"; name = libicucore.dylib; path = usr/lib/libicucore.dylib; sourceTree = SDKROOT; };
		E90581401B23C9CE0093204B /* SystemConfiguration.framework */ = {isa = PBXFileReference; lastKnownFileType = wrapper.framework; name = SystemConfiguration.framework; path = System/Library/Frameworks/SystemConfiguration.framework; sourceTree = SDKROOT; };
		E90581421B23C9D90093204B /* libc++.dylib */ = {isa = PBXFileReference; lastKnownFileType = "compiled.mach-o.dylib"; name = "libc++.dylib"; path = "usr/lib/libc++.dylib"; sourceTree = SDKROOT; };
		E90581441B23C9E90093204B /* CFNetwork.framework */ = {isa = PBXFileReference; lastKnownFileType = wrapper.framework; name = CFNetwork.framework; path = System/Library/Frameworks/CFNetwork.framework; sourceTree = SDKROOT; };
		E90581461B23C9EE0093204B /* Security.framework */ = {isa = PBXFileReference; lastKnownFileType = wrapper.framework; name = Security.framework; path = System/Library/Frameworks/Security.framework; sourceTree = SDKROOT; };
		E90581481B23CA250093204B /* Eventful.framework */ = {isa = PBXFileReference; lastKnownFileType = wrapper.framework; name = Eventful.framework; path = "Pods/../build/Debug-iphoneos/Pods/Eventful.framework"; sourceTree = "<group>"; };
		E905814A1B23CA350093204B /* Firebase.framework */ = {isa = PBXFileReference; lastKnownFileType = wrapper.framework; name = Firebase.framework; path = Pods/Firebase/Firebase.framework; sourceTree = "<group>"; };
		E91D51D41B2231CC00286C8E /* Info.plist */ = {isa = PBXFileReference; lastKnownFileType = text.plist.xml; path = Info.plist; sourceTree = "<group>"; };
		E91D51D51B2231CC00286C8E /* Griddle.h */ = {isa = PBXFileReference; lastKnownFileType = sourcecode.c.h; path = Griddle.h; sourceTree = "<group>"; };
		E93441291B23C47400682CC9 /* ManagedObject.swift */ = {isa = PBXFileReference; fileEncoding = 4; lastKnownFileType = sourcecode.swift; path = ManagedObject.swift; sourceTree = "<group>"; };
/* End PBXFileReference section */

/* Begin PBXFrameworksBuildPhase section */
		E90581061B23C8610093204B /* Frameworks */ = {
			isa = PBXFrameworksBuildPhase;
			buildActionMask = 2147483647;
			files = (
				E90581491B23CA250093204B /* Eventful.framework in Frameworks */,
				E90581471B23C9EE0093204B /* Security.framework in Frameworks */,
				E90581451B23C9E90093204B /* CFNetwork.framework in Frameworks */,
				E90581431B23C9D90093204B /* libc++.dylib in Frameworks */,
				E90581411B23C9CE0093204B /* SystemConfiguration.framework in Frameworks */,
				E905814B1B23CA350093204B /* Firebase.framework in Frameworks */,
				E905813F1B23C9AA0093204B /* libicucore.dylib in Frameworks */,
				82A7D3EAFD1C49B582B8E75F /* Pods.framework in Frameworks */,
			);
			runOnlyForDeploymentPostprocessing = 0;
		};
		E90581111B23C8610093204B /* Frameworks */ = {
			isa = PBXFrameworksBuildPhase;
			buildActionMask = 2147483647;
			files = (
				E90581151B23C8610093204B /* Griddle.framework in Frameworks */,
			);
			runOnlyForDeploymentPostprocessing = 0;
		};
/* End PBXFrameworksBuildPhase section */

/* Begin PBXGroup section */
		19CC817E48CD0F77E23A19C1 /* Pods */ = {
			isa = PBXGroup;
			children = (
				CBDD82D2C0FD41AE26186724 /* Pods.debug.xcconfig */,
				4E3445E3AFD9E62E720DAB39 /* Pods.release.xcconfig */,
			);
			name = Pods;
			sourceTree = "<group>";
		};
		D4B7FBE4D955AA8EFE37D31C /* Frameworks */ = {
			isa = PBXGroup;
			children = (
				E905814A1B23CA350093204B /* Firebase.framework */,
				E90581481B23CA250093204B /* Eventful.framework */,
				E90581401B23C9CE0093204B /* SystemConfiguration.framework */,
				E90581461B23C9EE0093204B /* Security.framework */,
				E90581441B23C9E90093204B /* CFNetwork.framework */,
				E90581421B23C9D90093204B /* libc++.dylib */,
				E905813E1B23C9AA0093204B /* libicucore.dylib */,
				E905813C1B23C98E0093204B /* Pods.framework */,
				1E644AFF7013F1EE046DA97D /* Pods.framework */,
			);
			name = Frameworks;
			sourceTree = "<group>";
		};
		E90581181B23C8610093204B /* GriddleTests */ = {
			isa = PBXGroup;
			children = (
				E905811B1B23C8610093204B /* GriddleTests.swift */,
				E90581191B23C8610093204B /* Supporting Files */,
			);
			path = GriddleTests;
			sourceTree = "<group>";
		};
		E90581191B23C8610093204B /* Supporting Files */ = {
			isa = PBXGroup;
			children = (
				E905811A1B23C8610093204B /* Info.plist */,
			);
			name = "Supporting Files";
			sourceTree = "<group>";
		};
		E905813B1B23C8F70093204B /* ReimportFirebaseFilesToFixSwiftImports */ = {
			isa = PBXGroup;
			children = (
				E90581251B23C8EC0093204B /* FAuthData.h */,
				E90581261B23C8EC0093204B /* FAuthType.h */,
				E90581271B23C8EC0093204B /* FConfig.h */,
				E90581281B23C8EC0093204B /* FDataSnapshot.h */,
				E90581291B23C8EC0093204B /* FEventType.h */,
				E905812A1B23C8EC0093204B /* Firebase.h */,
				E905812B1B23C8EC0093204B /* FirebaseApp.h */,
				E905812C1B23C8EC0093204B /* FirebaseServerValue.h */,
				E905812D1B23C8EC0093204B /* FMutableData.h */,
				E905812E1B23C8EC0093204B /* FQuery.h */,
				E905812F1B23C8EC0093204B /* FTransactionResult.h */,
			);
			name = ReimportFirebaseFilesToFixSwiftImports;
			sourceTree = "<group>";
		};
		E91D51C61B2231CC00286C8E = {
			isa = PBXGroup;
			children = (
				E91D51D21B2231CC00286C8E /* Griddle */,
				E90581181B23C8610093204B /* GriddleTests */,
				E91D51D11B2231CC00286C8E /* Products */,
				19CC817E48CD0F77E23A19C1 /* Pods */,
				D4B7FBE4D955AA8EFE37D31C /* Frameworks */,
			);
			sourceTree = "<group>";
		};
		E91D51D11B2231CC00286C8E /* Products */ = {
			isa = PBXGroup;
			children = (
				E905810A1B23C8610093204B /* Griddle.framework */,
				E90581141B23C8610093204B /* GriddleTests.xctest */,
			);
			name = Products;
			sourceTree = "<group>";
		};
		E91D51D21B2231CC00286C8E /* Griddle */ = {
			isa = PBXGroup;
			children = (
				E91D51D51B2231CC00286C8E /* Griddle.h */,
				E93441291B23C47400682CC9 /* ManagedObject.swift */,
				E91D51D31B2231CC00286C8E /* Supporting Files */,
			);
			path = Griddle;
			sourceTree = "<group>";
		};
		E91D51D31B2231CC00286C8E /* Supporting Files */ = {
			isa = PBXGroup;
			children = (
				E905813B1B23C8F70093204B /* ReimportFirebaseFilesToFixSwiftImports */,
				E91D51D41B2231CC00286C8E /* Info.plist */,
			);
			name = "Supporting Files";
			sourceTree = "<group>";
		};
/* End PBXGroup section */

/* Begin PBXHeadersBuildPhase section */
		E90581071B23C8610093204B /* Headers */ = {
			isa = PBXHeadersBuildPhase;
			buildActionMask = 2147483647;
			files = (
				E90581241B23C8BA0093204B /* Griddle.h in Headers */,
				E90581301B23C8EC0093204B /* FAuthData.h in Headers */,
				E90581311B23C8EC0093204B /* FAuthType.h in Headers */,
				E90581321B23C8EC0093204B /* FConfig.h in Headers */,
				E90581331B23C8EC0093204B /* FDataSnapshot.h in Headers */,
				E90581341B23C8EC0093204B /* FEventType.h in Headers */,
				E90581351B23C8EC0093204B /* Firebase.h in Headers */,
				E90581361B23C8EC0093204B /* FirebaseApp.h in Headers */,
				E90581371B23C8EC0093204B /* FirebaseServerValue.h in Headers */,
				E90581381B23C8EC0093204B /* FMutableData.h in Headers */,
				E90581391B23C8EC0093204B /* FQuery.h in Headers */,
				E905813A1B23C8EC0093204B /* FTransactionResult.h in Headers */,
			);
			runOnlyForDeploymentPostprocessing = 0;
		};
/* End PBXHeadersBuildPhase section */

/* Begin PBXNativeTarget section */
		E90581091B23C8610093204B /* Griddle */ = {
			isa = PBXNativeTarget;
			buildConfigurationList = E905811D1B23C8610093204B /* Build configuration list for PBXNativeTarget "Griddle" */;
			buildPhases = (
				BFDD05E90B7376B1001ACE08 /* Check Pods Manifest.lock */,
				E90581051B23C8610093204B /* Sources */,
				E90581061B23C8610093204B /* Frameworks */,
				E90581071B23C8610093204B /* Headers */,
				E90581081B23C8610093204B /* Resources */,
				928DDA574F934941D7350FB5 /* Copy Pods Resources */,
			);
			buildRules = (
			);
			dependencies = (
			);
			name = Griddle;
			productName = Griddle;
			productReference = E905810A1B23C8610093204B /* Griddle.framework */;
			productType = "com.apple.product-type.framework";
		};
		E90581131B23C8610093204B /* GriddleTests */ = {
			isa = PBXNativeTarget;
			buildConfigurationList = E90581201B23C8610093204B /* Build configuration list for PBXNativeTarget "GriddleTests" */;
			buildPhases = (
				E90581101B23C8610093204B /* Sources */,
				E90581111B23C8610093204B /* Frameworks */,
				E90581121B23C8610093204B /* Resources */,
			);
			buildRules = (
			);
			dependencies = (
				E90581171B23C8610093204B /* PBXTargetDependency */,
			);
			name = GriddleTests;
			productName = GriddleTests;
			productReference = E90581141B23C8610093204B /* GriddleTests.xctest */;
			productType = "com.apple.product-type.bundle.unit-test";
		};
/* End PBXNativeTarget section */

/* Begin PBXProject section */
		E91D51C71B2231CC00286C8E /* Project object */ = {
			isa = PBXProject;
			attributes = {
				LastUpgradeCheck = 0630;
				ORGANIZATIONNAME = Inlined;
				TargetAttributes = {
					E90581091B23C8610093204B = {
						CreatedOnToolsVersion = 6.3.2;
					};
					E90581131B23C8610093204B = {
						CreatedOnToolsVersion = 6.3.2;
					};
				};
			};
			buildConfigurationList = E91D51CA1B2231CC00286C8E /* Build configuration list for PBXProject "Griddle" */;
			compatibilityVersion = "Xcode 3.2";
			developmentRegion = English;
			hasScannedForEncodings = 0;
			knownRegions = (
				en,
			);
			mainGroup = E91D51C61B2231CC00286C8E;
			productRefGroup = E91D51D11B2231CC00286C8E /* Products */;
			projectDirPath = "";
			projectRoot = "";
			targets = (
				E90581091B23C8610093204B /* Griddle */,
				E90581131B23C8610093204B /* GriddleTests */,
			);
		};
/* End PBXProject section */

/* Begin PBXResourcesBuildPhase section */
		E90581081B23C8610093204B /* Resources */ = {
			isa = PBXResourcesBuildPhase;
			buildActionMask = 2147483647;
			files = (
			);
			runOnlyForDeploymentPostprocessing = 0;
		};
		E90581121B23C8610093204B /* Resources */ = {
			isa = PBXResourcesBuildPhase;
			buildActionMask = 2147483647;
			files = (
			);
			runOnlyForDeploymentPostprocessing = 0;
		};
/* End PBXResourcesBuildPhase section */

/* Begin PBXShellScriptBuildPhase section */
		928DDA574F934941D7350FB5 /* Copy Pods Resources */ = {
			isa = PBXShellScriptBuildPhase;
			buildActionMask = 2147483647;
			files = (
			);
			inputPaths = (
			);
			name = "Copy Pods Resources";
			outputPaths = (
			);
			runOnlyForDeploymentPostprocessing = 0;
			shellPath = /bin/sh;
			shellScript = "\"${SRCROOT}/Pods/Target Support Files/Pods/Pods-resources.sh\"\n";
			showEnvVarsInLog = 0;
		};
		BFDD05E90B7376B1001ACE08 /* Check Pods Manifest.lock */ = {
			isa = PBXShellScriptBuildPhase;
			buildActionMask = 2147483647;
			files = (
			);
			inputPaths = (
			);
			name = "Check Pods Manifest.lock";
			outputPaths = (
			);
			runOnlyForDeploymentPostprocessing = 0;
			shellPath = /bin/sh;
			shellScript = "diff \"${PODS_ROOT}/../Podfile.lock\" \"${PODS_ROOT}/Manifest.lock\" > /dev/null\nif [[ $? != 0 ]] ; then\n    cat << EOM\nerror: The sandbox is not in sync with the Podfile.lock. Run 'pod install' or update your CocoaPods installation.\nEOM\n    exit 1\nfi\n";
			showEnvVarsInLog = 0;
		};
/* End PBXShellScriptBuildPhase section */

/* Begin PBXSourcesBuildPhase section */
		E90581051B23C8610093204B /* Sources */ = {
			isa = PBXSourcesBuildPhase;
			buildActionMask = 2147483647;
			files = (
				E90581231B23C89C0093204B /* ManagedObject.swift in Sources */,
			);
			runOnlyForDeploymentPostprocessing = 0;
		};
		E90581101B23C8610093204B /* Sources */ = {
			isa = PBXSourcesBuildPhase;
			buildActionMask = 2147483647;
			files = (
				E905811C1B23C8610093204B /* GriddleTests.swift in Sources */,
			);
			runOnlyForDeploymentPostprocessing = 0;
		};
/* End PBXSourcesBuildPhase section */

/* Begin PBXTargetDependency section */
		E90581171B23C8610093204B /* PBXTargetDependency */ = {
			isa = PBXTargetDependency;
			target = E90581091B23C8610093204B /* Griddle */;
			targetProxy = E90581161B23C8610093204B /* PBXContainerItemProxy */;
		};
/* End PBXTargetDependency section */

/* Begin XCBuildConfiguration section */
		E905811E1B23C8610093204B /* Debug */ = {
			isa = XCBuildConfiguration;
			baseConfigurationReference = CBDD82D2C0FD41AE26186724 /* Pods.debug.xcconfig */;
			buildSettings = {
				DEFINES_MODULE = YES;
				DYLIB_COMPATIBILITY_VERSION = 1;
				DYLIB_CURRENT_VERSION = 1;
				DYLIB_INSTALL_NAME_BASE = "@rpath";
				FRAMEWORK_SEARCH_PATHS = (
					"$(inherited)",
					"$(PROJECT_DIR)/build/Debug-iphoneos",
					"$(PROJECT_DIR)/build/Debug-iphoneos/Pods",
					"$(PROJECT_DIR)/Pods/Firebase",
				);
				GCC_PREPROCESSOR_DEFINITIONS = (
					"DEBUG=1",
					"$(inherited)",
				);
				INFOPLIST_FILE = Griddle/Info.plist;
				INSTALL_PATH = "$(LOCAL_LIBRARY_DIR)/Frameworks";
				LD_RUNPATH_SEARCH_PATHS = "$(inherited) @executable_path/Frameworks @loader_path/Frameworks";
				PRODUCT_NAME = "$(TARGET_NAME)";
				SKIP_INSTALL = YES;
			};
			name = Debug;
		};
		E905811F1B23C8610093204B /* Release */ = {
			isa = XCBuildConfiguration;
			baseConfigurationReference = 4E3445E3AFD9E62E720DAB39 /* Pods.release.xcconfig */;
			buildSettings = {
				DEFINES_MODULE = YES;
				DYLIB_COMPATIBILITY_VERSION = 1;
				DYLIB_CURRENT_VERSION = 1;
				DYLIB_INSTALL_NAME_BASE = "@rpath";
				FRAMEWORK_SEARCH_PATHS = (
					"$(inherited)",
					"$(PROJECT_DIR)/build/Debug-iphoneos",
					"$(PROJECT_DIR)/build/Debug-iphoneos/Pods",
					"$(PROJECT_DIR)/Pods/Firebase",
				);
				INFOPLIST_FILE = Griddle/Info.plist;
				INSTALL_PATH = "$(LOCAL_LIBRARY_DIR)/Frameworks";
				LD_RUNPATH_SEARCH_PATHS = "$(inherited) @executable_path/Frameworks @loader_path/Frameworks";
				PRODUCT_NAME = "$(TARGET_NAME)";
				SKIP_INSTALL = YES;
			};
			name = Release;
		};
		E90581211B23C8610093204B /* Debug */ = {
			isa = XCBuildConfiguration;
			buildSettings = {
				FRAMEWORK_SEARCH_PATHS = (
					"$(SDKROOT)/Developer/Library/Frameworks",
					"$(inherited)",
				);
				GCC_PREPROCESSOR_DEFINITIONS = (
					"DEBUG=1",
					"$(inherited)",
				);
				INFOPLIST_FILE = GriddleTests/Info.plist;
				LD_RUNPATH_SEARCH_PATHS = "$(inherited) @executable_path/Frameworks @loader_path/Frameworks";
				PRODUCT_NAME = "$(TARGET_NAME)";
			};
			name = Debug;
		};
		E90581221B23C8610093204B /* Release */ = {
			isa = XCBuildConfiguration;
			buildSettings = {
				FRAMEWORK_SEARCH_PATHS = (
					"$(SDKROOT)/Developer/Library/Frameworks",
					"$(inherited)",
				);
				INFOPLIST_FILE = GriddleTests/Info.plist;
				LD_RUNPATH_SEARCH_PATHS = "$(inherited) @executable_path/Frameworks @loader_path/Frameworks";
				PRODUCT_NAME = "$(TARGET_NAME)";
			};
			name = Release;
		};
		E91D51E41B2231CC00286C8E /* Debug */ = {
			isa = XCBuildConfiguration;
			buildSettings = {
				ALWAYS_SEARCH_USER_PATHS = NO;
				CLANG_CXX_LANGUAGE_STANDARD = "gnu++0x";
				CLANG_CXX_LIBRARY = "libc++";
				CLANG_ENABLE_MODULES = YES;
				CLANG_ENABLE_OBJC_ARC = YES;
				CLANG_WARN_BOOL_CONVERSION = YES;
				CLANG_WARN_CONSTANT_CONVERSION = YES;
				CLANG_WARN_DIRECT_OBJC_ISA_USAGE = YES_ERROR;
				CLANG_WARN_EMPTY_BODY = YES;
				CLANG_WARN_ENUM_CONVERSION = YES;
				CLANG_WARN_INT_CONVERSION = YES;
				CLANG_WARN_OBJC_ROOT_CLASS = YES_ERROR;
				CLANG_WARN_UNREACHABLE_CODE = YES;
				CLANG_WARN__DUPLICATE_METHOD_MATCH = YES;
				"CODE_SIGN_IDENTITY[sdk=iphoneos*]" = "iPhone Developer";
				COPY_PHASE_STRIP = NO;
				CURRENT_PROJECT_VERSION = 1;
				DEBUG_INFORMATION_FORMAT = "dwarf-with-dsym";
				ENABLE_STRICT_OBJC_MSGSEND = YES;
				GCC_C_LANGUAGE_STANDARD = gnu99;
				GCC_DYNAMIC_NO_PIC = NO;
				GCC_NO_COMMON_BLOCKS = YES;
				GCC_OPTIMIZATION_LEVEL = 0;
				GCC_PREPROCESSOR_DEFINITIONS = (
					"DEBUG=1",
					"$(inherited)",
				);
				GCC_SYMBOLS_PRIVATE_EXTERN = NO;
				GCC_WARN_64_TO_32_BIT_CONVERSION = YES;
				GCC_WARN_ABOUT_RETURN_TYPE = YES_ERROR;
				GCC_WARN_UNDECLARED_SELECTOR = YES;
				GCC_WARN_UNINITIALIZED_AUTOS = YES_AGGRESSIVE;
				GCC_WARN_UNUSED_FUNCTION = YES;
				GCC_WARN_UNUSED_VARIABLE = YES;
				IPHONEOS_DEPLOYMENT_TARGET = 8.3;
				MTL_ENABLE_DEBUG_INFO = YES;
				ONLY_ACTIVE_ARCH = YES;
				SDKROOT = iphoneos;
				SWIFT_OPTIMIZATION_LEVEL = "-Onone";
				TARGETED_DEVICE_FAMILY = "1,2";
				VERSIONING_SYSTEM = "apple-generic";
				VERSION_INFO_PREFIX = "";
			};
			name = Debug;
		};
		E91D51E51B2231CC00286C8E /* Release */ = {
			isa = XCBuildConfiguration;
			buildSettings = {
				ALWAYS_SEARCH_USER_PATHS = NO;
				CLANG_CXX_LANGUAGE_STANDARD = "gnu++0x";
				CLANG_CXX_LIBRARY = "libc++";
				CLANG_ENABLE_MODULES = YES;
				CLANG_ENABLE_OBJC_ARC = YES;
				CLANG_WARN_BOOL_CONVERSION = YES;
				CLANG_WARN_CONSTANT_CONVERSION = YES;
				CLANG_WARN_DIRECT_OBJC_ISA_USAGE = YES_ERROR;
				CLANG_WARN_EMPTY_BODY = YES;
				CLANG_WARN_ENUM_CONVERSION = YES;
				CLANG_WARN_INT_CONVERSION = YES;
				CLANG_WARN_OBJC_ROOT_CLASS = YES_ERROR;
				CLANG_WARN_UNREACHABLE_CODE = YES;
				CLANG_WARN__DUPLICATE_METHOD_MATCH = YES;
				"CODE_SIGN_IDENTITY[sdk=iphoneos*]" = "iPhone Developer";
				COPY_PHASE_STRIP = NO;
				CURRENT_PROJECT_VERSION = 1;
				DEBUG_INFORMATION_FORMAT = "dwarf-with-dsym";
				ENABLE_NS_ASSERTIONS = NO;
				ENABLE_STRICT_OBJC_MSGSEND = YES;
				GCC_C_LANGUAGE_STANDARD = gnu99;
				GCC_NO_COMMON_BLOCKS = YES;
				GCC_WARN_64_TO_32_BIT_CONVERSION = YES;
				GCC_WARN_ABOUT_RETURN_TYPE = YES_ERROR;
				GCC_WARN_UNDECLARED_SELECTOR = YES;
				GCC_WARN_UNINITIALIZED_AUTOS = YES_AGGRESSIVE;
				GCC_WARN_UNUSED_FUNCTION = YES;
				GCC_WARN_UNUSED_VARIABLE = YES;
				IPHONEOS_DEPLOYMENT_TARGET = 8.3;
				MTL_ENABLE_DEBUG_INFO = NO;
				SDKROOT = iphoneos;
				TARGETED_DEVICE_FAMILY = "1,2";
				VALIDATE_PRODUCT = YES;
				VERSIONING_SYSTEM = "apple-generic";
				VERSION_INFO_PREFIX = "";
			};
			name = Release;
		};
/* End XCBuildConfiguration section */

/* Begin XCConfigurationList section */
		E905811D1B23C8610093204B /* Build configuration list for PBXNativeTarget "Griddle" */ = {
			isa = XCConfigurationList;
			buildConfigurations = (
				E905811E1B23C8610093204B /* Debug */,
				E905811F1B23C8610093204B /* Release */,
			);
			defaultConfigurationIsVisible = 0;
			defaultConfigurationName = Release;
		};
		E90581201B23C8610093204B /* Build configuration list for PBXNativeTarget "GriddleTests" */ = {
			isa = XCConfigurationList;
			buildConfigurations = (
				E90581211B23C8610093204B /* Debug */,
				E90581221B23C8610093204B /* Release */,
			);
			defaultConfigurationIsVisible = 0;
			defaultConfigurationName = Release;
		};
		E91D51CA1B2231CC00286C8E /* Build configuration list for PBXProject "Griddle" */ = {
			isa = XCConfigurationList;
			buildConfigurations = (
				E91D51E41B2231CC00286C8E /* Debug */,
				E91D51E51B2231CC00286C8E /* Release */,
			);
			defaultConfigurationIsVisible = 0;
			defaultConfigurationName = Release;
		};
/* End XCConfigurationList section */
	};
	rootObject = E91D51C71B2231CC00286C8E /* Project object */;
}
